// !$*UTF8*$!
{
	archiveVersion = 1;
	classes = {
	};
	objectVersion = 50;
	objects = {

/* Begin PBXBuildFile section */
		CEFB89BA2132737300154284 /* Assets.xcassets in Resources */ = {isa = PBXBuildFile; fileRef = CEFB89B92132737300154284 /* Assets.xcassets */; };
		CEFB89C82132737300154284 /* TwitSplitTests.swift in Sources */ = {isa = PBXBuildFile; fileRef = CEFB89C72132737300154284 /* TwitSplitTests.swift */; };
		CEFB89D32132737300154284 /* TwitSplitUITests.swift in Sources */ = {isa = PBXBuildFile; fileRef = CEFB89D22132737300154284 /* TwitSplitUITests.swift */; };
		CEFB89EE2132738F00154284 /* AppDelegate.swift in Sources */ = {isa = PBXBuildFile; fileRef = CEFB89E12132738E00154284 /* AppDelegate.swift */; };
		CEFB89EF2132738F00154284 /* ResultVC.swift in Sources */ = {isa = PBXBuildFile; fileRef = CEFB89E32132738E00154284 /* ResultVC.swift */; };
		CEFB89F02132738F00154284 /* InputVC.swift in Sources */ = {isa = PBXBuildFile; fileRef = CEFB89E42132738E00154284 /* InputVC.swift */; };
		CEFB89F12132738F00154284 /* Utils.swift in Sources */ = {isa = PBXBuildFile; fileRef = CEFB89E72132738E00154284 /* Utils.swift */; };
		CEFB89F22132738F00154284 /* LaunchScreen.storyboard in Resources */ = {isa = PBXBuildFile; fileRef = CEFB89E92132738E00154284 /* LaunchScreen.storyboard */; };
		CEFB89F32132738F00154284 /* Main.storyboard in Resources */ = {isa = PBXBuildFile; fileRef = CEFB89EB2132738E00154284 /* Main.storyboard */; };
/* End PBXBuildFile section */

/* Begin PBXContainerItemProxy section */
		CEFB89C42132737300154284 /* PBXContainerItemProxy */ = {
			isa = PBXContainerItemProxy;
			containerPortal = CEFB89A72132737100154284 /* Project object */;
			proxyType = 1;
			remoteGlobalIDString = CEFB89AE2132737100154284;
			remoteInfo = TwitSplit;
		};
		CEFB89CF2132737300154284 /* PBXContainerItemProxy */ = {
			isa = PBXContainerItemProxy;
			containerPortal = CEFB89A72132737100154284 /* Project object */;
			proxyType = 1;
			remoteGlobalIDString = CEFB89AE2132737100154284;
			remoteInfo = TwitSplit;
		};
/* End PBXContainerItemProxy section */

/* Begin PBXFileReference section */
		CEFB89AF2132737100154284 /* TwitSplit.app */ = {isa = PBXFileReference; explicitFileType = wrapper.application; includeInIndex = 0; path = TwitSplit.app; sourceTree = BUILT_PRODUCTS_DIR; };
		CEFB89B92132737300154284 /* Assets.xcassets */ = {isa = PBXFileReference; lastKnownFileType = folder.assetcatalog; path = Assets.xcassets; sourceTree = "<group>"; };
		CEFB89BE2132737300154284 /* Info.plist */ = {isa = PBXFileReference; lastKnownFileType = text.plist.xml; path = Info.plist; sourceTree = "<group>"; };
		CEFB89C32132737300154284 /* TwitSplitTests.xctest */ = {isa = PBXFileReference; explicitFileType = wrapper.cfbundle; includeInIndex = 0; path = TwitSplitTests.xctest; sourceTree = BUILT_PRODUCTS_DIR; };
		CEFB89C72132737300154284 /* TwitSplitTests.swift */ = {isa = PBXFileReference; lastKnownFileType = sourcecode.swift; path = TwitSplitTests.swift; sourceTree = "<group>"; };
		CEFB89C92132737300154284 /* Info.plist */ = {isa = PBXFileReference; lastKnownFileType = text.plist.xml; path = Info.plist; sourceTree = "<group>"; };
		CEFB89CE2132737300154284 /* TwitSplitUITests.xctest */ = {isa = PBXFileReference; explicitFileType = wrapper.cfbundle; includeInIndex = 0; path = TwitSplitUITests.xctest; sourceTree = BUILT_PRODUCTS_DIR; };
		CEFB89D22132737300154284 /* TwitSplitUITests.swift */ = {isa = PBXFileReference; lastKnownFileType = sourcecode.swift; path = TwitSplitUITests.swift; sourceTree = "<group>"; };
		CEFB89D42132737300154284 /* Info.plist */ = {isa = PBXFileReference; lastKnownFileType = text.plist.xml; path = Info.plist; sourceTree = "<group>"; };
		CEFB89E12132738E00154284 /* AppDelegate.swift */ = {isa = PBXFileReference; fileEncoding = 4; lastKnownFileType = sourcecode.swift; path = AppDelegate.swift; sourceTree = "<group>"; };
		CEFB89E32132738E00154284 /* ResultVC.swift */ = {isa = PBXFileReference; fileEncoding = 4; lastKnownFileType = sourcecode.swift; path = ResultVC.swift; sourceTree = "<group>"; };
		CEFB89E42132738E00154284 /* InputVC.swift */ = {isa = PBXFileReference; fileEncoding = 4; lastKnownFileType = sourcecode.swift; path = InputVC.swift; sourceTree = "<group>"; };
		CEFB89E72132738E00154284 /* Utils.swift */ = {isa = PBXFileReference; fileEncoding = 4; lastKnownFileType = sourcecode.swift; path = Utils.swift; sourceTree = "<group>"; };
		CEFB89EA2132738E00154284 /* Base */ = {isa = PBXFileReference; lastKnownFileType = file.storyboard; name = Base; path = Base.lproj/LaunchScreen.storyboard; sourceTree = "<group>"; };
		CEFB89EC2132738E00154284 /* Base */ = {isa = PBXFileReference; lastKnownFileType = file.storyboard; name = Base; path = Base.lproj/Main.storyboard; sourceTree = "<group>"; };
/* End PBXFileReference section */

/* Begin PBXFrameworksBuildPhase section */
		CEFB89AC2132737100154284 /* Frameworks */ = {
			isa = PBXFrameworksBuildPhase;
			buildActionMask = 2147483647;
			files = (
			);
			runOnlyForDeploymentPostprocessing = 0;
		};
		CEFB89C02132737300154284 /* Frameworks */ = {
			isa = PBXFrameworksBuildPhase;
			buildActionMask = 2147483647;
			files = (
			);
			runOnlyForDeploymentPostprocessing = 0;
		};
		CEFB89CB2132737300154284 /* Frameworks */ = {
			isa = PBXFrameworksBuildPhase;
			buildActionMask = 2147483647;
			files = (
			);
			runOnlyForDeploymentPostprocessing = 0;
		};
/* End PBXFrameworksBuildPhase section */

/* Begin PBXGroup section */
		CEFB89A62132737100154284 = {
			isa = PBXGroup;
			children = (
				CEFB89B12132737100154284 /* TwitSplit */,
				CEFB89C62132737300154284 /* TwitSplitTests */,
				CEFB89D12132737300154284 /* TwitSplitUITests */,
				CEFB89B02132737100154284 /* Products */,
			);
			sourceTree = "<group>";
		};
		CEFB89B02132737100154284 /* Products */ = {
			isa = PBXGroup;
			children = (
				CEFB89AF2132737100154284 /* TwitSplit.app */,
				CEFB89C32132737300154284 /* TwitSplitTests.xctest */,
				CEFB89CE2132737300154284 /* TwitSplitUITests.xctest */,
			);
			name = Products;
			sourceTree = "<group>";
		};
		CEFB89B12132737100154284 /* TwitSplit */ = {
			isa = PBXGroup;
			children = (
				CEFB89E02132738E00154284 /* Application */,
				CEFB89E22132738E00154284 /* Controller */,
				CEFB89E52132738E00154284 /* Model */,
				CEFB89E82132738E00154284 /* Storyboard */,
				CEFB89E62132738E00154284 /* Utilities */,
				CEFB89ED2132738F00154284 /* View */,
				CEFB89B92132737300154284 /* Assets.xcassets */,
				CEFB89BE2132737300154284 /* Info.plist */,
			);
			path = TwitSplit;
			sourceTree = "<group>";
		};
		CEFB89C62132737300154284 /* TwitSplitTests */ = {
			isa = PBXGroup;
			children = (
				CEFB89C72132737300154284 /* TwitSplitTests.swift */,
				CEFB89C92132737300154284 /* Info.plist */,
			);
			path = TwitSplitTests;
			sourceTree = "<group>";
		};
		CEFB89D12132737300154284 /* TwitSplitUITests */ = {
			isa = PBXGroup;
			children = (
				CEFB89D22132737300154284 /* TwitSplitUITests.swift */,
				CEFB89D42132737300154284 /* Info.plist */,
			);
			path = TwitSplitUITests;
			sourceTree = "<group>";
		};
		CEFB89E02132738E00154284 /* Application */ = {
			isa = PBXGroup;
			children = (
				CEFB89E12132738E00154284 /* AppDelegate.swift */,
			);
			path = Application;
			sourceTree = "<group>";
		};
		CEFB89E22132738E00154284 /* Controller */ = {
			isa = PBXGroup;
			children = (
				CEFB89E32132738E00154284 /* ResultVC.swift */,
				CEFB89E42132738E00154284 /* InputVC.swift */,
			);
			path = Controller;
			sourceTree = "<group>";
		};
		CEFB89E52132738E00154284 /* Model */ = {
			isa = PBXGroup;
			children = (
			);
			path = Model;
			sourceTree = "<group>";
		};
		CEFB89E62132738E00154284 /* Utilities */ = {
			isa = PBXGroup;
			children = (
				CEFB89E72132738E00154284 /* Utils.swift */,
			);
			path = Utilities;
			sourceTree = "<group>";
		};
		CEFB89E82132738E00154284 /* Storyboard */ = {
			isa = PBXGroup;
			children = (
				CEFB89E92132738E00154284 /* LaunchScreen.storyboard */,
				CEFB89EB2132738E00154284 /* Main.storyboard */,
			);
			path = Storyboard;
			sourceTree = "<group>";
		};
		CEFB89ED2132738F00154284 /* View */ = {
			isa = PBXGroup;
			children = (
			);
			path = View;
			sourceTree = "<group>";
		};
/* End PBXGroup section */

/* Begin PBXNativeTarget section */
		CEFB89AE2132737100154284 /* TwitSplit */ = {
			isa = PBXNativeTarget;
			buildConfigurationList = CEFB89D72132737300154284 /* Build configuration list for PBXNativeTarget "TwitSplit" */;
			buildPhases = (
				CEFB89AB2132737100154284 /* Sources */,
				CEFB89AC2132737100154284 /* Frameworks */,
				CEFB89AD2132737100154284 /* Resources */,
			);
			buildRules = (
			);
			dependencies = (
			);
			name = TwitSplit;
			productName = TwitSplit;
			productReference = CEFB89AF2132737100154284 /* TwitSplit.app */;
			productType = "com.apple.product-type.application";
		};
		CEFB89C22132737300154284 /* TwitSplitTests */ = {
			isa = PBXNativeTarget;
			buildConfigurationList = CEFB89DA2132737300154284 /* Build configuration list for PBXNativeTarget "TwitSplitTests" */;
			buildPhases = (
				CEFB89BF2132737300154284 /* Sources */,
				CEFB89C02132737300154284 /* Frameworks */,
				CEFB89C12132737300154284 /* Resources */,
			);
			buildRules = (
			);
			dependencies = (
				CEFB89C52132737300154284 /* PBXTargetDependency */,
			);
			name = TwitSplitTests;
			productName = TwitSplitTests;
			productReference = CEFB89C32132737300154284 /* TwitSplitTests.xctest */;
			productType = "com.apple.product-type.bundle.unit-test";
		};
		CEFB89CD2132737300154284 /* TwitSplitUITests */ = {
			isa = PBXNativeTarget;
			buildConfigurationList = CEFB89DD2132737300154284 /* Build configuration list for PBXNativeTarget "TwitSplitUITests" */;
			buildPhases = (
				CEFB89CA2132737300154284 /* Sources */,
				CEFB89CB2132737300154284 /* Frameworks */,
				CEFB89CC2132737300154284 /* Resources */,
			);
			buildRules = (
			);
			dependencies = (
				CEFB89D02132737300154284 /* PBXTargetDependency */,
			);
			name = TwitSplitUITests;
			productName = TwitSplitUITests;
			productReference = CEFB89CE2132737300154284 /* TwitSplitUITests.xctest */;
			productType = "com.apple.product-type.bundle.ui-testing";
		};
/* End PBXNativeTarget section */

/* Begin PBXProject section */
		CEFB89A72132737100154284 /* Project object */ = {
			isa = PBXProject;
			attributes = {
				LastSwiftUpdateCheck = 0940;
				LastUpgradeCheck = 0940;
				ORGANIZATIONNAME = user;
				TargetAttributes = {
					CEFB89AE2132737100154284 = {
						CreatedOnToolsVersion = 9.4.1;
					};
					CEFB89C22132737300154284 = {
						CreatedOnToolsVersion = 9.4.1;
						TestTargetID = CEFB89AE2132737100154284;
					};
					CEFB89CD2132737300154284 = {
						CreatedOnToolsVersion = 9.4.1;
						TestTargetID = CEFB89AE2132737100154284;
					};
				};
			};
			buildConfigurationList = CEFB89AA2132737100154284 /* Build configuration list for PBXProject "TwitSplit" */;
			compatibilityVersion = "Xcode 9.3";
			developmentRegion = en;
			hasScannedForEncodings = 0;
			knownRegions = (
				en,
				Base,
			);
			mainGroup = CEFB89A62132737100154284;
			productRefGroup = CEFB89B02132737100154284 /* Products */;
			projectDirPath = "";
			projectRoot = "";
			targets = (
				CEFB89AE2132737100154284 /* TwitSplit */,
				CEFB89C22132737300154284 /* TwitSplitTests */,
				CEFB89CD2132737300154284 /* TwitSplitUITests */,
			);
		};
/* End PBXProject section */

/* Begin PBXResourcesBuildPhase section */
		CEFB89AD2132737100154284 /* Resources */ = {
			isa = PBXResourcesBuildPhase;
			buildActionMask = 2147483647;
			files = (
				CEFB89F32132738F00154284 /* Main.storyboard in Resources */,
				CEFB89BA2132737300154284 /* Assets.xcassets in Resources */,
				CEFB89F22132738F00154284 /* LaunchScreen.storyboard in Resources */,
			);
			runOnlyForDeploymentPostprocessing = 0;
		};
		CEFB89C12132737300154284 /* Resources */ = {
			isa = PBXResourcesBuildPhase;
			buildActionMask = 2147483647;
			files = (
			);
			runOnlyForDeploymentPostprocessing = 0;
		};
		CEFB89CC2132737300154284 /* Resources */ = {
			isa = PBXResourcesBuildPhase;
			buildActionMask = 2147483647;
			files = (
			);
			runOnlyForDeploymentPostprocessing = 0;
		};
/* End PBXResourcesBuildPhase section */

/* Begin PBXSourcesBuildPhase section */
		CEFB89AB2132737100154284 /* Sources */ = {
			isa = PBXSourcesBuildPhase;
			buildActionMask = 2147483647;
			files = (
				CEFB89F02132738F00154284 /* InputVC.swift in Sources */,
				CEFB89EE2132738F00154284 /* AppDelegate.swift in Sources */,
				CEFB89EF2132738F00154284 /* ResultVC.swift in Sources */,
				CEFB89F12132738F00154284 /* Utils.swift in Sources */,
			);
			runOnlyForDeploymentPostprocessing = 0;
		};
		CEFB89BF2132737300154284 /* Sources */ = {
			isa = PBXSourcesBuildPhase;
			buildActionMask = 2147483647;
			files = (
				CEFB89C82132737300154284 /* TwitSplitTests.swift in Sources */,
			);
			runOnlyForDeploymentPostprocessing = 0;
		};
		CEFB89CA2132737300154284 /* Sources */ = {
			isa = PBXSourcesBuildPhase;
			buildActionMask = 2147483647;
			files = (
				CEFB89D32132737300154284 /* TwitSplitUITests.swift in Sources */,
			);
			runOnlyForDeploymentPostprocessing = 0;
		};
/* End PBXSourcesBuildPhase section */

/* Begin PBXTargetDependency section */
		CEFB89C52132737300154284 /* PBXTargetDependency */ = {
			isa = PBXTargetDependency;
			target = CEFB89AE2132737100154284 /* TwitSplit */;
			targetProxy = CEFB89C42132737300154284 /* PBXContainerItemProxy */;
		};
		CEFB89D02132737300154284 /* PBXTargetDependency */ = {
			isa = PBXTargetDependency;
			target = CEFB89AE2132737100154284 /* TwitSplit */;
			targetProxy = CEFB89CF2132737300154284 /* PBXContainerItemProxy */;
		};
/* End PBXTargetDependency section */

/* Begin PBXVariantGroup section */
		CEFB89E92132738E00154284 /* LaunchScreen.storyboard */ = {
			isa = PBXVariantGroup;
			children = (
				CEFB89EA2132738E00154284 /* Base */,
			);
			name = LaunchScreen.storyboard;
			sourceTree = "<group>";
		};
		CEFB89EB2132738E00154284 /* Main.storyboard */ = {
			isa = PBXVariantGroup;
			children = (
				CEFB89EC2132738E00154284 /* Base */,
			);
			name = Main.storyboard;
			sourceTree = "<group>";
		};
/* End PBXVariantGroup section */

/* Begin XCBuildConfiguration section */
		CEFB89D52132737300154284 /* Debug */ = {
			isa = XCBuildConfiguration;
			buildSettings = {
				ALWAYS_SEARCH_USER_PATHS = NO;
				CLANG_ANALYZER_NONNULL = YES;
				CLANG_ANALYZER_NUMBER_OBJECT_CONVERSION = YES_AGGRESSIVE;
				CLANG_CXX_LANGUAGE_STANDARD = "gnu++14";
				CLANG_CXX_LIBRARY = "libc++";
				CLANG_ENABLE_MODULES = YES;
				CLANG_ENABLE_OBJC_ARC = YES;
				CLANG_ENABLE_OBJC_WEAK = YES;
				CLANG_WARN_BLOCK_CAPTURE_AUTORELEASING = YES;
				CLANG_WARN_BOOL_CONVERSION = YES;
				CLANG_WARN_COMMA = YES;
				CLANG_WARN_CONSTANT_CONVERSION = YES;
				CLANG_WARN_DEPRECATED_OBJC_IMPLEMENTATIONS = YES;
				CLANG_WARN_DIRECT_OBJC_ISA_USAGE = YES_ERROR;
				CLANG_WARN_DOCUMENTATION_COMMENTS = YES;
				CLANG_WARN_EMPTY_BODY = YES;
				CLANG_WARN_ENUM_CONVERSION = YES;
				CLANG_WARN_INFINITE_RECURSION = YES;
				CLANG_WARN_INT_CONVERSION = YES;
				CLANG_WARN_NON_LITERAL_NULL_CONVERSION = YES;
				CLANG_WARN_OBJC_IMPLICIT_RETAIN_SELF = YES;
				CLANG_WARN_OBJC_LITERAL_CONVERSION = YES;
				CLANG_WARN_OBJC_ROOT_CLASS = YES_ERROR;
				CLANG_WARN_RANGE_LOOP_ANALYSIS = YES;
				CLANG_WARN_STRICT_PROTOTYPES = YES;
				CLANG_WARN_SUSPICIOUS_MOVE = YES;
				CLANG_WARN_UNGUARDED_AVAILABILITY = YES_AGGRESSIVE;
				CLANG_WARN_UNREACHABLE_CODE = YES;
				CLANG_WARN__DUPLICATE_METHOD_MATCH = YES;
				CODE_SIGN_IDENTITY = "iPhone Developer";
				COPY_PHASE_STRIP = NO;
				DEBUG_INFORMATION_FORMAT = dwarf;
				ENABLE_STRICT_OBJC_MSGSEND = YES;
				ENABLE_TESTABILITY = YES;
				GCC_C_LANGUAGE_STANDARD = gnu11;
				GCC_DYNAMIC_NO_PIC = NO;
				GCC_NO_COMMON_BLOCKS = YES;
				GCC_OPTIMIZATION_LEVEL = 0;
				GCC_PREPROCESSOR_DEFINITIONS = (
					"DEBUG=1",
					"$(inherited)",
				);
				GCC_WARN_64_TO_32_BIT_CONVERSION = YES;
				GCC_WARN_ABOUT_RETURN_TYPE = YES_ERROR;
				GCC_WARN_UNDECLARED_SELECTOR = YES;
				GCC_WARN_UNINITIALIZED_AUTOS = YES_AGGRESSIVE;
				GCC_WARN_UNUSED_FUNCTION = YES;
				GCC_WARN_UNUSED_VARIABLE = YES;
				IPHONEOS_DEPLOYMENT_TARGET = 11.4;
				MTL_ENABLE_DEBUG_INFO = YES;
				ONLY_ACTIVE_ARCH = YES;
				SDKROOT = iphoneos;
				SWIFT_ACTIVE_COMPILATION_CONDITIONS = DEBUG;
				SWIFT_OPTIMIZATION_LEVEL = "-Onone";
			};
			name = Debug;
		};
		CEFB89D62132737300154284 /* Release */ = {
			isa = XCBuildConfiguration;
			buildSettings = {
				ALWAYS_SEARCH_USER_PATHS = NO;
				CLANG_ANALYZER_NONNULL = YES;
				CLANG_ANALYZER_NUMBER_OBJECT_CONVERSION = YES_AGGRESSIVE;
				CLANG_CXX_LANGUAGE_STANDARD = "gnu++14";
				CLANG_CXX_LIBRARY = "libc++";
				CLANG_ENABLE_MODULES = YES;
				CLANG_ENABLE_OBJC_ARC = YES;
				CLANG_ENABLE_OBJC_WEAK = YES;
				CLANG_WARN_BLOCK_CAPTURE_AUTORELEASING = YES;
				CLANG_WARN_BOOL_CONVERSION = YES;
				CLANG_WARN_COMMA = YES;
				CLANG_WARN_CONSTANT_CONVERSION = YES;
				CLANG_WARN_DEPRECATED_OBJC_IMPLEMENTATIONS = YES;
				CLANG_WARN_DIRECT_OBJC_ISA_USAGE = YES_ERROR;
				CLANG_WARN_DOCUMENTATION_COMMENTS = YES;
				CLANG_WARN_EMPTY_BODY = YES;
				CLANG_WARN_ENUM_CONVERSION = YES;
				CLANG_WARN_INFINITE_RECURSION = YES;
				CLANG_WARN_INT_CONVERSION = YES;
				CLANG_WARN_NON_LITERAL_NULL_CONVERSION = YES;
				CLANG_WARN_OBJC_IMPLICIT_RETAIN_SELF = YES;
				CLANG_WARN_OBJC_LITERAL_CONVERSION = YES;
				CLANG_WARN_OBJC_ROOT_CLASS = YES_ERROR;
				CLANG_WARN_RANGE_LOOP_ANALYSIS = YES;
				CLANG_WARN_STRICT_PROTOTYPES = YES;
				CLANG_WARN_SUSPICIOUS_MOVE = YES;
				CLANG_WARN_UNGUARDED_AVAILABILITY = YES_AGGRESSIVE;
				CLANG_WARN_UNREACHABLE_CODE = YES;
				CLANG_WARN__DUPLICATE_METHOD_MATCH = YES;
				CODE_SIGN_IDENTITY = "iPhone Developer";
				COPY_PHASE_STRIP = NO;
				DEBUG_INFORMATION_FORMAT = "dwarf-with-dsym";
				ENABLE_NS_ASSERTIONS = NO;
				ENABLE_STRICT_OBJC_MSGSEND = YES;
				GCC_C_LANGUAGE_STANDARD = gnu11;
				GCC_NO_COMMON_BLOCKS = YES;
				GCC_WARN_64_TO_32_BIT_CONVERSION = YES;
				GCC_WARN_ABOUT_RETURN_TYPE = YES_ERROR;
				GCC_WARN_UNDECLARED_SELECTOR = YES;
				GCC_WARN_UNINITIALIZED_AUTOS = YES_AGGRESSIVE;
				GCC_WARN_UNUSED_FUNCTION = YES;
				GCC_WARN_UNUSED_VARIABLE = YES;
				IPHONEOS_DEPLOYMENT_TARGET = 11.4;
				MTL_ENABLE_DEBUG_INFO = NO;
				SDKROOT = iphoneos;
				SWIFT_COMPILATION_MODE = wholemodule;
				SWIFT_OPTIMIZATION_LEVEL = "-O";
				VALIDATE_PRODUCT = YES;
			};
			name = Release;
		};
		CEFB89D82132737300154284 /* Debug */ = {
			isa = XCBuildConfiguration;
			buildSettings = {
				ASSETCATALOG_COMPILER_APPICON_NAME = AppIcon;
				CODE_SIGN_STYLE = Automatic;
				DEVELOPMENT_TEAM = 5U73T9Q769;
				INFOPLIST_FILE = TwitSplit/Info.plist;
				LD_RUNPATH_SEARCH_PATHS = (
					"$(inherited)",
					"@executable_path/Frameworks",
				);
				PRODUCT_BUNDLE_IDENTIFIER = test.TwitSplit;
				PRODUCT_NAME = "$(TARGET_NAME)";
				SWIFT_VERSION = 4.0;
				TARGETED_DEVICE_FAMILY = "1,2";
			};
			name = Debug;
		};
		CEFB89D92132737300154284 /* Release */ = {
			isa = XCBuildConfiguration;
			buildSettings = {
				ASSETCATALOG_COMPILER_APPICON_NAME = AppIcon;
				CODE_SIGN_STYLE = Automatic;
				DEVELOPMENT_TEAM = 5U73T9Q769;
				INFOPLIST_FILE = TwitSplit/Info.plist;
				LD_RUNPATH_SEARCH_PATHS = (
					"$(inherited)",
					"@executable_path/Frameworks",
				);
				PRODUCT_BUNDLE_IDENTIFIER = test.TwitSplit;
				PRODUCT_NAME = "$(TARGET_NAME)";
				SWIFT_VERSION = 4.0;
				TARGETED_DEVICE_FAMILY = "1,2";
			};
			name = Release;
		};
		CEFB89DB2132737300154284 /* Debug */ = {
			isa = XCBuildConfiguration;
			buildSettings = {
				ALWAYS_EMBED_SWIFT_STANDARD_LIBRARIES = YES;
				BUNDLE_LOADER = "$(TEST_HOST)";
				CODE_SIGN_STYLE = Automatic;
				DEVELOPMENT_TEAM = 5U73T9Q769;
				INFOPLIST_FILE = TwitSplitTests/Info.plist;
				LD_RUNPATH_SEARCH_PATHS = (
					"$(inherited)",
					"@executable_path/Frameworks",
					"@loader_path/Frameworks",
				);
				PRODUCT_BUNDLE_IDENTIFIER = test.TwitSplitTests;
				PRODUCT_NAME = "$(TARGET_NAME)";
				SWIFT_VERSION = 4.0;
				TARGETED_DEVICE_FAMILY = "1,2";
				TEST_HOST = "$(BUILT_PRODUCTS_DIR)/TwitSplit.app/TwitSplit";
			};
			name = Debug;
		};
		CEFB89DC2132737300154284 /* Release */ = {
			isa = XCBuildConfiguration;
			buildSettings = {
				ALWAYS_EMBED_SWIFT_STANDARD_LIBRARIES = YES;
				BUNDLE_LOADER = "$(TEST_HOST)";
				CODE_SIGN_STYLE = Automatic;
				DEVELOPMENT_TEAM = 5U73T9Q769;
				INFOPLIST_FILE = TwitSplitTests/Info.plist;
				LD_RUNPATH_SEARCH_PATHS = (
					"$(inherited)",
					"@executable_path/Frameworks",
					"@loader_path/Frameworks",
				);
				PRODUCT_BUNDLE_IDENTIFIER = test.TwitSplitTests;
				PRODUCT_NAME = "$(TARGET_NAME)";
				SWIFT_VERSION = 4.0;
				TARGETED_DEVICE_FAMILY = "1,2";
				TEST_HOST = "$(BUILT_PRODUCTS_DIR)/TwitSplit.app/TwitSplit";
			};
			name = Release;
		};
		CEFB89DE2132737300154284 /* Debug */ = {
			isa = XCBuildConfiguration;
			buildSettings = {
				ALWAYS_EMBED_SWIFT_STANDARD_LIBRARIES = YES;
				CODE_SIGN_STYLE = Automatic;
				DEVELOPMENT_TEAM = 5U73T9Q769;
				INFOPLIST_FILE = TwitSplitUITests/Info.plist;
				LD_RUNPATH_SEARCH_PATHS = (
					"$(inherited)",
					"@executable_path/Frameworks",
					"@loader_path/Frameworks",
				);
				PRODUCT_BUNDLE_IDENTIFIER = test.TwitSplitUITests;
				PRODUCT_NAME = "$(TARGET_NAME)";
				SWIFT_VERSION = 4.0;
				TARGETED_DEVICE_FAMILY = "1,2";
				TEST_TARGET_NAME = TwitSplit;
			};
			name = Debug;
		};
		CEFB89DF2132737300154284 /* Release */ = {
			isa = XCBuildConfiguration;
			buildSettings = {
				ALWAYS_EMBED_SWIFT_STANDARD_LIBRARIES = YES;
				CODE_SIGN_STYLE = Automatic;
				DEVELOPMENT_TEAM = 5U73T9Q769;
				INFOPLIST_FILE = TwitSplitUITests/Info.plist;
				LD_RUNPATH_SEARCH_PATHS = (
					"$(inherited)",
					"@executable_path/Frameworks",
					"@loader_path/Frameworks",
				);
				PRODUCT_BUNDLE_IDENTIFIER = test.TwitSplitUITests;
				PRODUCT_NAME = "$(TARGET_NAME)";
				SWIFT_VERSION = 4.0;
				TARGETED_DEVICE_FAMILY = "1,2";
				TEST_TARGET_NAME = TwitSplit;
			};
			name = Release;
		};
/* End XCBuildConfiguration section */

/* Begin XCConfigurationList section */
		CEFB89AA2132737100154284 /* Build configuration list for PBXProject "TwitSplit" */ = {
			isa = XCConfigurationList;
			buildConfigurations = (
				CEFB89D52132737300154284 /* Debug */,
				CEFB89D62132737300154284 /* Release */,
			);
			defaultConfigurationIsVisible = 0;
			defaultConfigurationName = Release;
		};
		CEFB89D72132737300154284 /* Build configuration list for PBXNativeTarget "TwitSplit" */ = {
			isa = XCConfigurationList;
			buildConfigurations = (
				CEFB89D82132737300154284 /* Debug */,
				CEFB89D92132737300154284 /* Release */,
			);
			defaultConfigurationIsVisible = 0;
			defaultConfigurationName = Release;
		};
		CEFB89DA2132737300154284 /* Build configuration list for PBXNativeTarget "TwitSplitTests" */ = {
			isa = XCConfigurationList;
			buildConfigurations = (
				CEFB89DB2132737300154284 /* Debug */,
				CEFB89DC2132737300154284 /* Release */,
			);
			defaultConfigurationIsVisible = 0;
			defaultConfigurationName = Release;
		};
		CEFB89DD2132737300154284 /* Build configuration list for PBXNativeTarget "TwitSplitUITests" */ = {
			isa = XCConfigurationList;
			buildConfigurations = (
				CEFB89DE2132737300154284 /* Debug */,
				CEFB89DF2132737300154284 /* Release */,
			);
			defaultConfigurationIsVisible = 0;
			defaultConfigurationName = Release;
		};
/* End XCConfigurationList section */
	};
	rootObject = CEFB89A72132737100154284 /* Project object */;
}
